// !$*UTF8*$!
{
	archiveVersion = 1;
	classes = {
	};
	objectVersion = 46;
	objects = {

/* Begin PBXBuildFile section */
		9686074B1E6F3EEE0011E7F2 /* XvAudioSystem.h in Headers */ = {isa = PBXBuildFile; fileRef = 968607491E6F3EEE0011E7F2 /* XvAudioSystem.h */; settings = {ATTRIBUTES = (Public, ); }; };
		968607521E6F3F0A0011E7F2 /* XvAudioSystem.swift in Sources */ = {isa = PBXBuildFile; fileRef = 968607511E6F3F0A0011E7F2 /* XvAudioSystem.swift */; };
		968607591E6F3F1A0011E7F2 /* Channel.swift in Sources */ = {isa = PBXBuildFile; fileRef = 968607541E6F3F1A0011E7F2 /* Channel.swift */; };
		9686075A1E6F3F1A0011E7F2 /* AudioComponentDescriptions.swift in Sources */ = {isa = PBXBuildFile; fileRef = 968607551E6F3F1A0011E7F2 /* AudioComponentDescriptions.swift */; };
		9686075B1E6F3F1A0011E7F2 /* Engine.swift in Sources */ = {isa = PBXBuildFile; fileRef = 968607561E6F3F1A0011E7F2 /* Engine.swift */; };
		9686075C1E6F3F1A0011E7F2 /* SessionManager.swift in Sources */ = {isa = PBXBuildFile; fileRef = 968607571E6F3F1A0011E7F2 /* SessionManager.swift */; };
		9686075D1E6F3F1A0011E7F2 /* Utils.swift in Sources */ = {isa = PBXBuildFile; fileRef = 968607581E6F3F1A0011E7F2 /* Utils.swift */; };
		968607601E6F41470011E7F2 /* XvAudioConstants.swift in Sources */ = {isa = PBXBuildFile; fileRef = 9686075F1E6F41470011E7F2 /* XvAudioConstants.swift */; };
/* End PBXBuildFile section */

/* Begin PBXFileReference section */
		968607461E6F3EEE0011E7F2 /* XvAudioSystem.framework */ = {isa = PBXFileReference; explicitFileType = wrapper.framework; includeInIndex = 0; path = XvAudioSystem.framework; sourceTree = BUILT_PRODUCTS_DIR; };
		968607491E6F3EEE0011E7F2 /* XvAudioSystem.h */ = {isa = PBXFileReference; lastKnownFileType = sourcecode.c.h; path = XvAudioSystem.h; sourceTree = "<group>"; };
		9686074A1E6F3EEE0011E7F2 /* Info.plist */ = {isa = PBXFileReference; lastKnownFileType = text.plist.xml; path = Info.plist; sourceTree = "<group>"; };
		968607511E6F3F0A0011E7F2 /* XvAudioSystem.swift */ = {isa = PBXFileReference; fileEncoding = 4; lastKnownFileType = sourcecode.swift; name = XvAudioSystem.swift; path = XvAudioSystem/Public/XvAudioSystem.swift; sourceTree = "<group>"; };
		968607541E6F3F1A0011E7F2 /* Channel.swift */ = {isa = PBXFileReference; fileEncoding = 4; lastKnownFileType = sourcecode.swift; name = Channel.swift; path = Private/Channel.swift; sourceTree = "<group>"; };
		968607551E6F3F1A0011E7F2 /* AudioComponentDescriptions.swift */ = {isa = PBXFileReference; fileEncoding = 4; lastKnownFileType = sourcecode.swift; name = AudioComponentDescriptions.swift; path = Private/AudioComponentDescriptions.swift; sourceTree = "<group>"; };
		968607561E6F3F1A0011E7F2 /* Engine.swift */ = {isa = PBXFileReference; fileEncoding = 4; lastKnownFileType = sourcecode.swift; name = Engine.swift; path = Private/Engine.swift; sourceTree = "<group>"; };
		968607571E6F3F1A0011E7F2 /* SessionManager.swift */ = {isa = PBXFileReference; fileEncoding = 4; lastKnownFileType = sourcecode.swift; name = SessionManager.swift; path = Private/SessionManager.swift; sourceTree = "<group>"; };
		968607581E6F3F1A0011E7F2 /* Utils.swift */ = {isa = PBXFileReference; fileEncoding = 4; lastKnownFileType = sourcecode.swift; name = Utils.swift; path = Private/Utils.swift; sourceTree = "<group>"; };
		9686075F1E6F41470011E7F2 /* XvAudioConstants.swift */ = {isa = PBXFileReference; fileEncoding = 4; lastKnownFileType = sourcecode.swift; name = XvAudioConstants.swift; path = XvAudioSystem/Public/XvAudioConstants.swift; sourceTree = "<group>"; };
/* End PBXFileReference section */

/* Begin PBXFrameworksBuildPhase section */
		968607421E6F3EEE0011E7F2 /* Frameworks */ = {
			isa = PBXFrameworksBuildPhase;
			buildActionMask = 2147483647;
			files = (
			);
			runOnlyForDeploymentPostprocessing = 0;
		};
/* End PBXFrameworksBuildPhase section */

/* Begin PBXGroup section */
		9686073C1E6F3EEE0011E7F2 = {
			isa = PBXGroup;
			children = (
				968607511E6F3F0A0011E7F2 /* XvAudioSystem.swift */,
				9686075F1E6F41470011E7F2 /* XvAudioConstants.swift */,
				9686075E1E6F3F220011E7F2 /* Private */,
			);
			sourceTree = "<group>";
		};
		968607471E6F3EEE0011E7F2 /* Products */ = {
			isa = PBXGroup;
			children = (
				968607461E6F3EEE0011E7F2 /* XvAudioSystem.framework */,
			);
			name = Products;
			path = ..;
			sourceTree = "<group>";
		};
		9686075E1E6F3F220011E7F2 /* Private */ = {
			isa = PBXGroup;
			children = (
				968607541E6F3F1A0011E7F2 /* Channel.swift */,
				968607561E6F3F1A0011E7F2 /* Engine.swift */,
				968607571E6F3F1A0011E7F2 /* SessionManager.swift */,
				968607551E6F3F1A0011E7F2 /* AudioComponentDescriptions.swift */,
				968607581E6F3F1A0011E7F2 /* Utils.swift */,
				96A43AF01E7033960061A387 /* Basics */,
				968607471E6F3EEE0011E7F2 /* Products */,
			);
			name = Private;
			path = XvAudioSystem;
			sourceTree = "<group>";
		};
		96A43AF01E7033960061A387 /* Basics */ = {
			isa = PBXGroup;
			children = (
				968607491E6F3EEE0011E7F2 /* XvAudioSystem.h */,
				9686074A1E6F3EEE0011E7F2 /* Info.plist */,
			);
			name = Basics;
			sourceTree = "<group>";
		};
/* End PBXGroup section */

/* Begin PBXHeadersBuildPhase section */
		968607431E6F3EEE0011E7F2 /* Headers */ = {
			isa = PBXHeadersBuildPhase;
			buildActionMask = 2147483647;
			files = (
				9686074B1E6F3EEE0011E7F2 /* XvAudioSystem.h in Headers */,
			);
			runOnlyForDeploymentPostprocessing = 0;
		};
/* End PBXHeadersBuildPhase section */

/* Begin PBXNativeTarget section */
		968607451E6F3EEE0011E7F2 /* XvAudioSystem */ = {
			isa = PBXNativeTarget;
			buildConfigurationList = 9686074E1E6F3EEE0011E7F2 /* Build configuration list for PBXNativeTarget "XvAudioSystem" */;
			buildPhases = (
				968607411E6F3EEE0011E7F2 /* Sources */,
				968607421E6F3EEE0011E7F2 /* Frameworks */,
				968607431E6F3EEE0011E7F2 /* Headers */,
				968607441E6F3EEE0011E7F2 /* Resources */,
			);
			buildRules = (
			);
			dependencies = (
			);
			name = XvAudioSystem;
			productName = XvAudioSystem;
			productReference = 968607461E6F3EEE0011E7F2 /* XvAudioSystem.framework */;
			productType = "com.apple.product-type.framework";
		};
/* End PBXNativeTarget section */

/* Begin PBXProject section */
		9686073D1E6F3EEE0011E7F2 /* Project object */ = {
			isa = PBXProject;
			attributes = {
				LastUpgradeCheck = 0820;
				ORGANIZATIONNAME = "Jason J. Snell";
				TargetAttributes = {
					968607451E6F3EEE0011E7F2 = {
						CreatedOnToolsVersion = 8.2.1;
						DevelopmentTeam = LN2HJCURK9;
						LastSwiftMigration = 0820;
						ProvisioningStyle = Automatic;
					};
				};
			};
			buildConfigurationList = 968607401E6F3EEE0011E7F2 /* Build configuration list for PBXProject "XvAudioSystem" */;
			compatibilityVersion = "Xcode 3.2";
			developmentRegion = English;
			hasScannedForEncodings = 0;
			knownRegions = (
				en,
			);
			mainGroup = 9686073C1E6F3EEE0011E7F2;
			productRefGroup = 968607471E6F3EEE0011E7F2 /* Products */;
			projectDirPath = "";
			projectRoot = "";
			targets = (
				968607451E6F3EEE0011E7F2 /* XvAudioSystem */,
			);
		};
/* End PBXProject section */

/* Begin PBXResourcesBuildPhase section */
		968607441E6F3EEE0011E7F2 /* Resources */ = {
			isa = PBXResourcesBuildPhase;
			buildActionMask = 2147483647;
			files = (
			);
			runOnlyForDeploymentPostprocessing = 0;
		};
/* End PBXResourcesBuildPhase section */

/* Begin PBXSourcesBuildPhase section */
		968607411E6F3EEE0011E7F2 /* Sources */ = {
			isa = PBXSourcesBuildPhase;
			buildActionMask = 2147483647;
			files = (
				9686075B1E6F3F1A0011E7F2 /* Engine.swift in Sources */,
				968607591E6F3F1A0011E7F2 /* Channel.swift in Sources */,
				9686075D1E6F3F1A0011E7F2 /* Utils.swift in Sources */,
				968607601E6F41470011E7F2 /* XvAudioConstants.swift in Sources */,
				9686075C1E6F3F1A0011E7F2 /* SessionManager.swift in Sources */,
				968607521E6F3F0A0011E7F2 /* XvAudioSystem.swift in Sources */,
				9686075A1E6F3F1A0011E7F2 /* AudioComponentDescriptions.swift in Sources */,
			);
			runOnlyForDeploymentPostprocessing = 0;
		};
/* End PBXSourcesBuildPhase section */

/* Begin XCBuildConfiguration section */
		9686074C1E6F3EEE0011E7F2 /* Debug */ = {
			isa = XCBuildConfiguration;
			buildSettings = {
				ALWAYS_SEARCH_USER_PATHS = NO;
				CLANG_ANALYZER_NONNULL = YES;
				CLANG_CXX_LANGUAGE_STANDARD = "gnu++0x";
				CLANG_CXX_LIBRARY = "libc++";
				CLANG_ENABLE_MODULES = YES;
				CLANG_ENABLE_OBJC_ARC = YES;
				CLANG_WARN_BOOL_CONVERSION = YES;
				CLANG_WARN_CONSTANT_CONVERSION = YES;
				CLANG_WARN_DIRECT_OBJC_ISA_USAGE = YES_ERROR;
				CLANG_WARN_DOCUMENTATION_COMMENTS = YES;
				CLANG_WARN_EMPTY_BODY = YES;
				CLANG_WARN_ENUM_CONVERSION = YES;
				CLANG_WARN_INFINITE_RECURSION = YES;
				CLANG_WARN_INT_CONVERSION = YES;
				CLANG_WARN_OBJC_ROOT_CLASS = YES_ERROR;
				CLANG_WARN_SUSPICIOUS_MOVE = YES;
				CLANG_WARN_UNREACHABLE_CODE = YES;
				CLANG_WARN__DUPLICATE_METHOD_MATCH = YES;
				"CODE_SIGN_IDENTITY[sdk=iphoneos*]" = "iPhone Developer";
				COPY_PHASE_STRIP = NO;
				CURRENT_PROJECT_VERSION = 1;
				DEBUG_INFORMATION_FORMAT = dwarf;
				ENABLE_STRICT_OBJC_MSGSEND = YES;
				ENABLE_TESTABILITY = YES;
				GCC_C_LANGUAGE_STANDARD = gnu99;
				GCC_DYNAMIC_NO_PIC = NO;
				GCC_NO_COMMON_BLOCKS = YES;
				GCC_OPTIMIZATION_LEVEL = 0;
				GCC_PREPROCESSOR_DEFINITIONS = (
					"DEBUG=1",
					"$(inherited)",
				);
				GCC_WARN_64_TO_32_BIT_CONVERSION = YES;
				GCC_WARN_ABOUT_RETURN_TYPE = YES_ERROR;
				GCC_WARN_UNDECLARED_SELECTOR = YES;
				GCC_WARN_UNINITIALIZED_AUTOS = YES_AGGRESSIVE;
				GCC_WARN_UNUSED_FUNCTION = YES;
				GCC_WARN_UNUSED_VARIABLE = YES;
				IPHONEOS_DEPLOYMENT_TARGET = 9.0;
				MTL_ENABLE_DEBUG_INFO = YES;
				ONLY_ACTIVE_ARCH = YES;
				SDKROOT = iphoneos;
				SWIFT_ACTIVE_COMPILATION_CONDITIONS = DEBUG;
				SWIFT_OPTIMIZATION_LEVEL = "-Onone";
				TARGETED_DEVICE_FAMILY = "1,2";
				VERSIONING_SYSTEM = "apple-generic";
				VERSION_INFO_PREFIX = "";
			};
			name = Debug;
		};
		9686074D1E6F3EEE0011E7F2 /* Release */ = {
			isa = XCBuildConfiguration;
			buildSettings = {
				ALWAYS_SEARCH_USER_PATHS = NO;
				CLANG_ANALYZER_NONNULL = YES;
				CLANG_CXX_LANGUAGE_STANDARD = "gnu++0x";
				CLANG_CXX_LIBRARY = "libc++";
				CLANG_ENABLE_MODULES = YES;
				CLANG_ENABLE_OBJC_ARC = YES;
				CLANG_WARN_BOOL_CONVERSION = YES;
				CLANG_WARN_CONSTANT_CONVERSION = YES;
				CLANG_WARN_DIRECT_OBJC_ISA_USAGE = YES_ERROR;
				CLANG_WARN_DOCUMENTATION_COMMENTS = YES;
				CLANG_WARN_EMPTY_BODY = YES;
				CLANG_WARN_ENUM_CONVERSION = YES;
				CLANG_WARN_INFINITE_RECURSION = YES;
				CLANG_WARN_INT_CONVERSION = YES;
				CLANG_WARN_OBJC_ROOT_CLASS = YES_ERROR;
				CLANG_WARN_SUSPICIOUS_MOVE = YES;
				CLANG_WARN_UNREACHABLE_CODE = YES;
				CLANG_WARN__DUPLICATE_METHOD_MATCH = YES;
				"CODE_SIGN_IDENTITY[sdk=iphoneos*]" = "iPhone Developer";
				COPY_PHASE_STRIP = NO;
				CURRENT_PROJECT_VERSION = 1;
				DEBUG_INFORMATION_FORMAT = "dwarf-with-dsym";
				ENABLE_NS_ASSERTIONS = NO;
				ENABLE_STRICT_OBJC_MSGSEND = YES;
				GCC_C_LANGUAGE_STANDARD = gnu99;
				GCC_NO_COMMON_BLOCKS = YES;
				GCC_WARN_64_TO_32_BIT_CONVERSION = YES;
				GCC_WARN_ABOUT_RETURN_TYPE = YES_ERROR;
				GCC_WARN_UNDECLARED_SELECTOR = YES;
				GCC_WARN_UNINITIALIZED_AUTOS = YES_AGGRESSIVE;
				GCC_WARN_UNUSED_FUNCTION = YES;
				GCC_WARN_UNUSED_VARIABLE = YES;
				IPHONEOS_DEPLOYMENT_TARGET = 9.0;
				MTL_ENABLE_DEBUG_INFO = NO;
				SDKROOT = iphoneos;
				SWIFT_OPTIMIZATION_LEVEL = "-Owholemodule";
				TARGETED_DEVICE_FAMILY = "1,2";
				VALIDATE_PRODUCT = YES;
				VERSIONING_SYSTEM = "apple-generic";
				VERSION_INFO_PREFIX = "";
			};
			name = Release;
		};
		9686074F1E6F3EEE0011E7F2 /* Debug */ = {
			isa = XCBuildConfiguration;
			buildSettings = {
				CLANG_ENABLE_MODULES = YES;
				CODE_SIGN_IDENTITY = "";
				DEFINES_MODULE = YES;
				DEVELOPMENT_TEAM = LN2HJCURK9;
				DYLIB_COMPATIBILITY_VERSION = 1;
				DYLIB_CURRENT_VERSION = 1;
				DYLIB_INSTALL_NAME_BASE = "@rpath";
				INFOPLIST_FILE = XvAudioSystem/Info.plist;
				INSTALL_PATH = "$(LOCAL_LIBRARY_DIR)/Frameworks";
				LD_RUNPATH_SEARCH_PATHS = "$(inherited) @executable_path/Frameworks @loader_path/Frameworks";
				PRODUCT_BUNDLE_IDENTIFIER = com.jasonjsnell.XvAudioSystem;
				PRODUCT_NAME = "$(TARGET_NAME)";
				SKIP_INSTALL = YES;
				SWIFT_OPTIMIZATION_LEVEL = "-Onone";
				SWIFT_VERSION = 3.0;
			};
			name = Debug;
		};
		968607501E6F3EEE0011E7F2 /* Release */ = {
			isa = XCBuildConfiguration;
			buildSettings = {
				CLANG_ENABLE_MODULES = YES;
				CODE_SIGN_IDENTITY = "";
				DEFINES_MODULE = YES;
				DEVELOPMENT_TEAM = LN2HJCURK9;
				DYLIB_COMPATIBILITY_VERSION = 1;
				DYLIB_CURRENT_VERSION = 1;
				DYLIB_INSTALL_NAME_BASE = "@rpath";
				INFOPLIST_FILE = XvAudioSystem/Info.plist;
				INSTALL_PATH = "$(LOCAL_LIBRARY_DIR)/Frameworks";
				LD_RUNPATH_SEARCH_PATHS = "$(inherited) @executable_path/Frameworks @loader_path/Frameworks";
				PRODUCT_BUNDLE_IDENTIFIER = com.jasonjsnell.XvAudioSystem;
				PRODUCT_NAME = "$(TARGET_NAME)";
				SKIP_INSTALL = YES;
				SWIFT_VERSION = 3.0;
			};
			name = Release;
		};
/* End XCBuildConfiguration section */

/* Begin XCConfigurationList section */
		968607401E6F3EEE0011E7F2 /* Build configuration list for PBXProject "XvAudioSystem" */ = {
			isa = XCConfigurationList;
			buildConfigurations = (
				9686074C1E6F3EEE0011E7F2 /* Debug */,
				9686074D1E6F3EEE0011E7F2 /* Release */,
			);
			defaultConfigurationIsVisible = 0;
			defaultConfigurationName = Release;
		};
		9686074E1E6F3EEE0011E7F2 /* Build configuration list for PBXNativeTarget "XvAudioSystem" */ = {
			isa = XCConfigurationList;
			buildConfigurations = (
				9686074F1E6F3EEE0011E7F2 /* Debug */,
				968607501E6F3EEE0011E7F2 /* Release */,
			);
			defaultConfigurationIsVisible = 0;
			defaultConfigurationName = Release;
		};
/* End XCConfigurationList section */
	};
	rootObject = 9686073D1E6F3EEE0011E7F2 /* Project object */;
}
